{
	"name": "d1-event-scheduler",
	"lockfileVersion": 3,
	"requires": true,
	"packages": {
		"": {
			"license": "Apache-2.0",
			"devDependencies": {
				"@demosjarco/prettier-config": "^1.0.1",
				"prettier": "^3.2.5"
			}
		},
		"node_modules/@demosjarco/prettier-config": {
			"version": "1.0.1",
			"resolved": "https://registry.npmjs.org/@demosjarco/prettier-config/-/prettier-config-1.0.1.tgz",
			"integrity": "sha512-DWXTrg7IBtLvYxjnpe/8s3FG5c9psKnRbWRlOrVblsH2+2H43/6uY/01ls7Pk5khv4Frv6t+fjU1+wgXgy7K+w==",
			"dev": true
		},
		"node_modules/prettier": {
			"version": "3.2.5",
			"resolved": "https://registry.npmjs.org/prettier/-/prettier-3.2.5.tgz",
			"integrity": "sha512-3/GWa9aOC0YeD7LUfvOG2NiDyhOWRvt1k+rcKhOuYnMY24iiCphgneUfJDyFXd6rZCAnuLBv6UeAULtrhT/F4A==",
			"dev": true,
			"bin": {
				"prettier": "bin/prettier.cjs"
			},
			"engines": {
				"node": ">=14"
			},
			"funding": {
				"url": "https://github.com/prettier/prettier?sponsor=1"
			}
		}
	}
}
